// !$*UTF8*$!
{
	archiveVersion = 1;
	classes = {
	};
	objectVersion = 48;
	objects = {

/* Begin PBXGroup section */
		F3C2E1AF207E8D4C00C2DA35 = {
			isa = PBXGroup;
			children = (
			);
			sourceTree = "<group>";
		};
/* End PBXGroup section */

/* Begin PBXProject section */
		F3C2E1B0207E8D4C00C2DA35 /* Project object */ = {
			isa = PBXProject;
			attributes = {
				LastUpgradeCheck = 0920;
			};
			buildConfigurationList = F3C2E1B3207E8D4C00C2DA35 /* Build configuration list for PBXProject "Python Concurrency Control" */;
			compatibilityVersion = "Xcode 8.0";
			developmentRegion = en;
			hasScannedForEncodings = 0;
			knownRegions = (
				en,
			);
			mainGroup = F3C2E1AF207E8D4C00C2DA35;
			projectDirPath = "";
			projectRoot = "";
			targets = (
			);
		};
/* End PBXProject section */

/* Begin XCBuildConfiguration section */
		F3C2E1B4207E8D4C00C2DA35 /* Debug */ = {
			isa = XCBuildConfiguration;
			buildSettings = {
			};
			name = Debug;
		};
		F3C2E1B5207E8D4C00C2DA35 /* Release */ = {
			isa = XCBuildConfiguration;
			buildSettings = {
			};
			name = Release;
		};
/* End XCBuildConfiguration section */

/* Begin XCConfigurationList section */
		F3C2E1B3207E8D4C00C2DA35 /* Build configuration list for PBXProject "Python Concurrency Control" */ = {
			isa = XCConfigurationList;
			buildConfigurations = (
				F3C2E1B4207E8D4C00C2DA35 /* Debug */,
				F3C2E1B5207E8D4C00C2DA35 /* Release */,
			);
			defaultConfigurationIsVisible = 0;
			defaultConfigurationName = Release;
		};
/* End XCConfigurationList section */
	};
	rootObject = F3C2E1B0207E8D4C00C2DA35 /* Project object */;
}
